{
  "nodes": {
    "nixpkgs": {
      "locked": {
        "lastModified": 1774508948,
        "narHash": "sha256-jsdVk6rke8UfpUGi8E14gMNU5e1TnY03MnmUJxoUzyo=",
        "owner": "NixOS",
        "repo": "nixpkgs",
        "rev": "845fd0d8f12f89bc5ea26e0e4eb4552e01991bf0",
        "type": "github"
      },
      "original": {
        "owner": "NixOS",
        "ref": "master",
        "repo": "nixpkgs",
        "type": "github"
      }
    },
    "root": {
      "inputs": {
        "nixpkgs": "nixpkgs"
      }
    }
  },
  "root": "root",
  "version": 7
}
